<?xml version="1.0" encoding="UTF-8" standalone="yes" ?>
<CodeBlocks_project_file>
	<FileVersion major="1" minor="6" />
	<Project>
		<Option title="sicasm" />
		<Option pch_mode="2" />
		<Option compiler="gcc" />
		<Build>
			<Target title="Debug">
				<Option output="bin/Debug/sicasm" prefix_auto="1" extension_auto="1" />
				<Option object_output="obj/Debug/" />
				<Option type="1" />
				<Option compiler="gcc" />
				<Compiler>
					<Add option="-g" />
				</Compiler>
			</Target>
			<Target title="Release">
				<Option output="bin/Release/sicasm" prefix_auto="1" extension_auto="1" />
				<Option object_output="obj/Release/" />
				<Option type="1" />
				<Option compiler="gcc" />
				<Compiler>
					<Add option="-O2" />
				</Compiler>
				<Linker>
					<Add option="-s" />
				</Linker>
			</Target>
		</Build>
		<Compiler>
			<Add option="-Wall" />
			<Add option="-fexceptions" />
		</Compiler>
		<Unit filename="src/ASM_Table.cpp" />
		<Unit filename="src/ASM_Table.hpp" />
		<Unit filename="src/AsmSetting.hpp" />
		<Unit filename="src/ERRMES.CPP" />
		<Unit filename="src/ERRMES.HPP" />
		<Unit filename="src/Label_table.cpp" />
		<Unit filename="src/Label_table.hpp" />
		<Unit filename="src/LiteralPool.cpp" />
		<Unit filename="src/LiteralPool.hpp" />
		<Unit filename="src/LocationCounter.cpp" />
		<Unit filename="src/LocationCounter.hpp" />
		<Unit filename="src/Opcode_table.cpp" />
		<Unit filename="src/Opcode_table.hpp" />
		<Unit filename="src/header.hpp" />
		<Unit filename="src/main.cpp" />
		<Unit filename="src/reader.cpp" />
		<Unit filename="src/reader.hpp" />
		<Unit filename="src/writer.cpp" />
		<Unit filename="src/writer.hpp" />
		<Extensions>
			<code_completion />
			<envvars />
			<debugger />
			<lib_finder disable_auto="1" />
		</Extensions>
	</Project>
</CodeBlocks_project_file>
